
Microsoft Visual Studio Solution File, Format Version 12.00
# Visual Studio Version 17
VisualStudioVersion = 17.11.35222.181
MinimumVisualStudioVersion = 10.0.40219.1
Project("{FAE04EC0-301F-11D3-BF4B-00C04F79EFBC}") = "SeoulStayMobileS5.Android", "SeoulStayMobileS5\SeoulStayMobileS5.Android\SeoulStayMobileS5.Android.csproj", "{76786064-163C-4EB0-8E6C-FE4764165A2A}"
EndProject
Project("{FAE04EC0-301F-11D3-BF4B-00C04F79EFBC}") = "SeoulStayMobileS5", "SeoulStayMobileS5\SeoulStayMobileS5\SeoulStayMobileS5.csproj", "{D23D043C-7E7D-47DD-A92D-0442BDC1109D}"
EndProject
Global
	GlobalSection(SolutionConfigurationPlatforms) = preSolution
		Debug|Any CPU = Debug|Any CPU
		Release|Any CPU = Release|Any CPU
	EndGlobalSection
	GlobalSection(ProjectConfigurationPlatforms) = postSolution
		{76786064-163C-4EB0-8E6C-FE4764165A2A}.Debug|Any CPU.ActiveCfg = Debug|Any CPU
		{76786064-163C-4EB0-8E6C-FE4764165A2A}.Debug|Any CPU.Build.0 = Debug|Any CPU
		{76786064-163C-4EB0-8E6C-FE4764165A2A}.Debug|Any CPU.Deploy.0 = Debug|Any CPU
		{76786064-163C-4EB0-8E6C-FE4764165A2A}.Release|Any CPU.ActiveCfg = Release|Any CPU
		{76786064-163C-4EB0-8E6C-FE4764165A2A}.Release|Any CPU.Build.0 = Release|Any CPU
		{76786064-163C-4EB0-8E6C-FE4764165A2A}.Release|Any CPU.Deploy.0 = Release|Any CPU
		{D23D043C-7E7D-47DD-A92D-0442BDC1109D}.Debug|Any CPU.ActiveCfg = Debug|Any CPU
		{D23D043C-7E7D-47DD-A92D-0442BDC1109D}.Debug|Any CPU.Build.0 = Debug|Any CPU
		{D23D043C-7E7D-47DD-A92D-0442BDC1109D}.Debug|Any CPU.Deploy.0 = Debug|Any CPU
		{D23D043C-7E7D-47DD-A92D-0442BDC1109D}.Release|Any CPU.ActiveCfg = Release|Any CPU
		{D23D043C-7E7D-47DD-A92D-0442BDC1109D}.Release|Any CPU.Build.0 = Release|Any CPU
		{D23D043C-7E7D-47DD-A92D-0442BDC1109D}.Release|Any CPU.Deploy.0 = Release|Any CPU
	EndGlobalSection
	GlobalSection(SolutionProperties) = preSolution
		HideSolutionNode = FALSE
	EndGlobalSection
	GlobalSection(ExtensibilityGlobals) = postSolution
		SolutionGuid = {2BD9DA81-D7FA-4BB2-B480-D217D7A2DE9B}
	EndGlobalSection
EndGlobal
